
Microsoft Visual Studio Solution File, Format Version 12.00
# Visual Studio 15
VisualStudioVersion = 15.0.27428.2043
MinimumVisualStudioVersion = 10.0.40219.1
Project("{FAE04EC0-301F-11D3-BF4B-00C04F79EFBC}") = "POO_PIM2_Ana Laura Moyano", "POO_PIM2_Ana Laura Moyano\POO_PIM2_Ana Laura Moyano.csproj", "{18E068DD-F3E7-43FC-81E6-3D06F917EAB7}"
EndProject
Global
	GlobalSection(SolutionConfigurationPlatforms) = preSolution
		Debug|Any CPU = Debug|Any CPU
		Release|Any CPU = Release|Any CPU
	EndGlobalSection
	GlobalSection(ProjectConfigurationPlatforms) = postSolution
		{18E068DD-F3E7-43FC-81E6-3D06F917EAB7}.Debug|Any CPU.ActiveCfg = Debug|Any CPU
		{18E068DD-F3E7-43FC-81E6-3D06F917EAB7}.Debug|Any CPU.Build.0 = Debug|Any CPU
		{18E068DD-F3E7-43FC-81E6-3D06F917EAB7}.Release|Any CPU.ActiveCfg = Release|Any CPU
		{18E068DD-F3E7-43FC-81E6-3D06F917EAB7}.Release|Any CPU.Build.0 = Release|Any CPU
	EndGlobalSection
	GlobalSection(SolutionProperties) = preSolution
		HideSolutionNode = FALSE
	EndGlobalSection
	GlobalSection(ExtensibilityGlobals) = postSolution
		SolutionGuid = {6B9E8F7A-6353-4CC3-A933-E295EBB2F560}
	EndGlobalSection
EndGlobal
